
Microsoft Visual Studio Solution File, Format Version 12.00
# Visual Studio Version 17
VisualStudioVersion = 17.14.36414.22 d17.14
MinimumVisualStudioVersion = 10.0.40219.1
Project("{FAE04EC0-301F-11D3-BF4B-00C04F79EFBC}") = "S4", "S4.csproj", "{A99F6605-176A-4193-BD8C-C6017F6D5475}"
EndProject
Global
	GlobalSection(SolutionConfigurationPlatforms) = preSolution
		Debug|Any CPU = Debug|Any CPU
		Release|Any CPU = Release|Any CPU
	EndGlobalSection
	GlobalSection(ProjectConfigurationPlatforms) = postSolution
		{A99F6605-176A-4193-BD8C-C6017F6D5475}.Debug|Any CPU.ActiveCfg = Debug|Any CPU
		{A99F6605-176A-4193-BD8C-C6017F6D5475}.Debug|Any CPU.Build.0 = Debug|Any CPU
		{A99F6605-176A-4193-BD8C-C6017F6D5475}.Release|Any CPU.ActiveCfg = Release|Any CPU
		{A99F6605-176A-4193-BD8C-C6017F6D5475}.Release|Any CPU.Build.0 = Release|Any CPU
	EndGlobalSection
	GlobalSection(SolutionProperties) = preSolution
		HideSolutionNode = FALSE
	EndGlobalSection
	GlobalSection(ExtensibilityGlobals) = postSolution
		SolutionGuid = {3148AA28-14A0-4D43-A2A6-91DEADAB27F7}
	EndGlobalSection
EndGlobal
