
Microsoft Visual Studio Solution File, Format Version 12.00
# Visual Studio Version 17
VisualStudioVersion = 17.14.36414.22 d17.14
MinimumVisualStudioVersion = 10.0.40219.1
Project("{FAE04EC0-301F-11D3-BF4B-00C04F79EFBC}") = "S1-Part1&2", "S1\S1-Part1&2.csproj", "{5D35B7CA-B084-4C2C-9421-2D0520C13884}"
EndProject
Global
	GlobalSection(SolutionConfigurationPlatforms) = preSolution
		Debug|Any CPU = Debug|Any CPU
		Release|Any CPU = Release|Any CPU
	EndGlobalSection
	GlobalSection(ProjectConfigurationPlatforms) = postSolution
		{5D35B7CA-B084-4C2C-9421-2D0520C13884}.Debug|Any CPU.ActiveCfg = Debug|Any CPU
		{5D35B7CA-B084-4C2C-9421-2D0520C13884}.Debug|Any CPU.Build.0 = Debug|Any CPU
		{5D35B7CA-B084-4C2C-9421-2D0520C13884}.Release|Any CPU.ActiveCfg = Release|Any CPU
		{5D35B7CA-B084-4C2C-9421-2D0520C13884}.Release|Any CPU.Build.0 = Release|Any CPU
	EndGlobalSection
	GlobalSection(SolutionProperties) = preSolution
		HideSolutionNode = FALSE
	EndGlobalSection
	GlobalSection(ExtensibilityGlobals) = postSolution
		SolutionGuid = {77B4CCE5-E01B-44D0-A847-E76E0439E63A}
	EndGlobalSection
EndGlobal
